
Microsoft Visual Studio Solution File, Format Version 12.00
# Visual Studio Version 16
VisualStudioVersion = 16.0.31515.178
MinimumVisualStudioVersion = 10.0.40219.1
Project("{9A19103F-16F7-4668-BE54-9A1E7A4F7556}") = "SmartSchool.WebAPI", "SmartSchool-WebAPI\SmartSchool.WebAPI.csproj", "{A939563F-768D-494E-9515-48AC7FCB7F12}"
EndProject
Project("{9A19103F-16F7-4668-BE54-9A1E7A4F7556}") = "SmartSchool.Core", "SmartSchool.Core\SmartSchool.Core.csproj", "{EAD52283-E688-472C-BA86-F5E1E14DDC02}"
EndProject
Global
	GlobalSection(SolutionConfigurationPlatforms) = preSolution
		Debug|Any CPU = Debug|Any CPU
		Release|Any CPU = Release|Any CPU
	EndGlobalSection
	GlobalSection(ProjectConfigurationPlatforms) = postSolution
		{A939563F-768D-494E-9515-48AC7FCB7F12}.Debug|Any CPU.ActiveCfg = Debug|Any CPU
		{A939563F-768D-494E-9515-48AC7FCB7F12}.Debug|Any CPU.Build.0 = Debug|Any CPU
		{A939563F-768D-494E-9515-48AC7FCB7F12}.Release|Any CPU.ActiveCfg = Release|Any CPU
		{A939563F-768D-494E-9515-48AC7FCB7F12}.Release|Any CPU.Build.0 = Release|Any CPU
		{EAD52283-E688-472C-BA86-F5E1E14DDC02}.Debug|Any CPU.ActiveCfg = Debug|Any CPU
		{EAD52283-E688-472C-BA86-F5E1E14DDC02}.Debug|Any CPU.Build.0 = Debug|Any CPU
		{EAD52283-E688-472C-BA86-F5E1E14DDC02}.Release|Any CPU.ActiveCfg = Release|Any CPU
		{EAD52283-E688-472C-BA86-F5E1E14DDC02}.Release|Any CPU.Build.0 = Release|Any CPU
	EndGlobalSection
	GlobalSection(SolutionProperties) = preSolution
		HideSolutionNode = FALSE
	EndGlobalSection
	GlobalSection(ExtensibilityGlobals) = postSolution
		SolutionGuid = {CE992F73-670B-42E8-9DB7-2751B35A181C}
	EndGlobalSection
EndGlobal
